
Microsoft Visual Studio Solution File, Format Version 12.00
# Visual Studio Version 17
VisualStudioVersion = 17.1.32228.430
MinimumVisualStudioVersion = 10.0.40219.1
Project("{2150E333-8FDC-42A3-9474-1A3956D46DE8}") = "Core", "Core", "{A76E5828-7232-4D01-B068-5D3B4562C2BE}"
EndProject
Project("{2150E333-8FDC-42A3-9474-1A3956D46DE8}") = "Web", "Web", "{5D99525E-31CE-4AF2-9EC2-086DC0A7373D}"
EndProject
Project("{2150E333-8FDC-42A3-9474-1A3956D46DE8}") = "tests", "tests", "{90BA7165-2288-4C2D-87C2-9505F712CF27}"
EndProject
Project("{2150E333-8FDC-42A3-9474-1A3956D46DE8}") = "Infrastructure", "Infrastructure", "{5C1DD105-2DC8-4C7A-825A-F5772874F22D}"
EndProject
Project("{2150E333-8FDC-42A3-9474-1A3956D46DE8}") = "AppTests", "AppTests", "{93042D3D-1FE3-4BD8-A5F0-938AA247C0A3}"
EndProject
Project("{9A19103F-16F7-4668-BE54-9A1E7A4F7556}") = "AppServicesTests", "tests\AppServicesTests\AppServicesTests.csproj", "{BE01400B-CAFA-4F2F-95F5-7DC8913A250D}"
EndProject
Project("{2150E333-8FDC-42A3-9474-1A3956D46DE8}") = "src", "src", "{624A6E20-6051-40A7-BC40-5F2A0F1DC071}"
EndProject
Project("{9A19103F-16F7-4668-BE54-9A1E7A4F7556}") = "Identity", "src\Infrastructure\Identity\Identity.csproj", "{896CF277-FA06-4608-8938-B17D81D787C4}"
EndProject
Project("{9A19103F-16F7-4668-BE54-9A1E7A4F7556}") = "Persistence", "src\Infrastructure\Persistence\Persistence.csproj", "{451971CC-2598-42AF-9C15-637883D64EAB}"
EndProject
Project("{9A19103F-16F7-4668-BE54-9A1E7A4F7556}") = "Application", "src\Application\Application.csproj", "{B29BD906-712B-42E4-AFBC-B3B0B527E5D8}"
EndProject
Project("{9A19103F-16F7-4668-BE54-9A1E7A4F7556}") = "Domain", "src\Domain\Domain.csproj", "{9FB07662-3AB2-48D9-9BA5-1E79BADC479B}"
EndProject
Global
	GlobalSection(SolutionConfigurationPlatforms) = preSolution
		Debug|Any CPU = Debug|Any CPU
		Release|Any CPU = Release|Any CPU
	EndGlobalSection
	GlobalSection(ProjectConfigurationPlatforms) = postSolution
		{BE01400B-CAFA-4F2F-95F5-7DC8913A250D}.Debug|Any CPU.ActiveCfg = Debug|Any CPU
		{BE01400B-CAFA-4F2F-95F5-7DC8913A250D}.Debug|Any CPU.Build.0 = Debug|Any CPU
		{BE01400B-CAFA-4F2F-95F5-7DC8913A250D}.Release|Any CPU.ActiveCfg = Release|Any CPU
		{BE01400B-CAFA-4F2F-95F5-7DC8913A250D}.Release|Any CPU.Build.0 = Release|Any CPU
		{896CF277-FA06-4608-8938-B17D81D787C4}.Debug|Any CPU.ActiveCfg = Debug|Any CPU
		{896CF277-FA06-4608-8938-B17D81D787C4}.Debug|Any CPU.Build.0 = Debug|Any CPU
		{896CF277-FA06-4608-8938-B17D81D787C4}.Release|Any CPU.ActiveCfg = Release|Any CPU
		{896CF277-FA06-4608-8938-B17D81D787C4}.Release|Any CPU.Build.0 = Release|Any CPU
		{451971CC-2598-42AF-9C15-637883D64EAB}.Debug|Any CPU.ActiveCfg = Debug|Any CPU
		{451971CC-2598-42AF-9C15-637883D64EAB}.Debug|Any CPU.Build.0 = Debug|Any CPU
		{451971CC-2598-42AF-9C15-637883D64EAB}.Release|Any CPU.ActiveCfg = Release|Any CPU
		{451971CC-2598-42AF-9C15-637883D64EAB}.Release|Any CPU.Build.0 = Release|Any CPU
		{B29BD906-712B-42E4-AFBC-B3B0B527E5D8}.Debug|Any CPU.ActiveCfg = Debug|Any CPU
		{B29BD906-712B-42E4-AFBC-B3B0B527E5D8}.Debug|Any CPU.Build.0 = Debug|Any CPU
		{B29BD906-712B-42E4-AFBC-B3B0B527E5D8}.Release|Any CPU.ActiveCfg = Release|Any CPU
		{B29BD906-712B-42E4-AFBC-B3B0B527E5D8}.Release|Any CPU.Build.0 = Release|Any CPU
		{9FB07662-3AB2-48D9-9BA5-1E79BADC479B}.Debug|Any CPU.ActiveCfg = Debug|Any CPU
		{9FB07662-3AB2-48D9-9BA5-1E79BADC479B}.Debug|Any CPU.Build.0 = Debug|Any CPU
		{9FB07662-3AB2-48D9-9BA5-1E79BADC479B}.Release|Any CPU.ActiveCfg = Release|Any CPU
		{9FB07662-3AB2-48D9-9BA5-1E79BADC479B}.Release|Any CPU.Build.0 = Release|Any CPU
	EndGlobalSection
	GlobalSection(SolutionProperties) = preSolution
		HideSolutionNode = FALSE
	EndGlobalSection
	GlobalSection(NestedProjects) = preSolution
		{A76E5828-7232-4D01-B068-5D3B4562C2BE} = {624A6E20-6051-40A7-BC40-5F2A0F1DC071}
		{5C1DD105-2DC8-4C7A-825A-F5772874F22D} = {624A6E20-6051-40A7-BC40-5F2A0F1DC071}
		{93042D3D-1FE3-4BD8-A5F0-938AA247C0A3} = {90BA7165-2288-4C2D-87C2-9505F712CF27}
		{BE01400B-CAFA-4F2F-95F5-7DC8913A250D} = {93042D3D-1FE3-4BD8-A5F0-938AA247C0A3}
		{896CF277-FA06-4608-8938-B17D81D787C4} = {5C1DD105-2DC8-4C7A-825A-F5772874F22D}
		{451971CC-2598-42AF-9C15-637883D64EAB} = {5C1DD105-2DC8-4C7A-825A-F5772874F22D}
		{B29BD906-712B-42E4-AFBC-B3B0B527E5D8} = {A76E5828-7232-4D01-B068-5D3B4562C2BE}
		{9FB07662-3AB2-48D9-9BA5-1E79BADC479B} = {A76E5828-7232-4D01-B068-5D3B4562C2BE}
	EndGlobalSection
	GlobalSection(ExtensibilityGlobals) = postSolution
		SolutionGuid = {F2B87C4E-D830-49ED-8443-5C03D113B91A}
	EndGlobalSection
EndGlobal
