
Microsoft Visual Studio Solution File, Format Version 12.00
# Visual Studio Version 17
VisualStudioVersion = 17.1.32228.430
MinimumVisualStudioVersion = 10.0.40219.1
Project("{2150E333-8FDC-42A3-9474-1A3956D46DE8}") = "App", "App", "{A76E5828-7232-4D01-B068-5D3B4562C2BE}"
EndProject
Project("{2150E333-8FDC-42A3-9474-1A3956D46DE8}") = "Web", "Web", "{5D99525E-31CE-4AF2-9EC2-086DC0A7373D}"
EndProject
Project("{9A19103F-16F7-4668-BE54-9A1E7A4F7556}") = "AppCore", "App\AppCore\AppCore.csproj", "{B6A6BB5E-07DD-450B-92A8-C442733AC87B}"
EndProject
Project("{2150E333-8FDC-42A3-9474-1A3956D46DE8}") = "tests", "tests", "{90BA7165-2288-4C2D-87C2-9505F712CF27}"
EndProject
Project("{2150E333-8FDC-42A3-9474-1A3956D46DE8}") = "Infrastructure", "Infrastructure", "{5C1DD105-2DC8-4C7A-825A-F5772874F22D}"
EndProject
Project("{9A19103F-16F7-4668-BE54-9A1E7A4F7556}") = "Data", "Data\Data.csproj", "{BD206CCB-BD24-41B2-B26A-3A8715700430}"
EndProject
Global
	GlobalSection(SolutionConfigurationPlatforms) = preSolution
		Debug|Any CPU = Debug|Any CPU
		Release|Any CPU = Release|Any CPU
	EndGlobalSection
	GlobalSection(ProjectConfigurationPlatforms) = postSolution
		{B6A6BB5E-07DD-450B-92A8-C442733AC87B}.Debug|Any CPU.ActiveCfg = Debug|Any CPU
		{B6A6BB5E-07DD-450B-92A8-C442733AC87B}.Debug|Any CPU.Build.0 = Debug|Any CPU
		{B6A6BB5E-07DD-450B-92A8-C442733AC87B}.Release|Any CPU.ActiveCfg = Release|Any CPU
		{B6A6BB5E-07DD-450B-92A8-C442733AC87B}.Release|Any CPU.Build.0 = Release|Any CPU
		{BD206CCB-BD24-41B2-B26A-3A8715700430}.Debug|Any CPU.ActiveCfg = Debug|Any CPU
		{BD206CCB-BD24-41B2-B26A-3A8715700430}.Debug|Any CPU.Build.0 = Debug|Any CPU
		{BD206CCB-BD24-41B2-B26A-3A8715700430}.Release|Any CPU.ActiveCfg = Release|Any CPU
		{BD206CCB-BD24-41B2-B26A-3A8715700430}.Release|Any CPU.Build.0 = Release|Any CPU
	EndGlobalSection
	GlobalSection(SolutionProperties) = preSolution
		HideSolutionNode = FALSE
	EndGlobalSection
	GlobalSection(NestedProjects) = preSolution
		{B6A6BB5E-07DD-450B-92A8-C442733AC87B} = {A76E5828-7232-4D01-B068-5D3B4562C2BE}
		{BD206CCB-BD24-41B2-B26A-3A8715700430} = {5C1DD105-2DC8-4C7A-825A-F5772874F22D}
	EndGlobalSection
	GlobalSection(ExtensibilityGlobals) = postSolution
		SolutionGuid = {F2B87C4E-D830-49ED-8443-5C03D113B91A}
	EndGlobalSection
EndGlobal
